<?xml version="1.0" encoding="utf-8"?>
<Project ToolsVersion="4.0" xmlns="http://schemas.microsoft.com/developer/msbuild/2003">
  <ItemGroup>
    <Filter Include="Source Files">
      <UniqueIdentifier>{4FC737F1-C7A5-4376-A066-2A32D752A2FF}</UniqueIdentifier>
      <Extensions>cpp;c;cc;cxx;def;odl;idl;hpj;bat;asm;asmx</Extensions>
    </Filter>
    <Filter Include="Header Files">
      <UniqueIdentifier>{93995380-89BD-4b04-88EB-625FBE52EBFB}</UniqueIdentifier>
      <Extensions>h;hh;hpp;hxx;hm;inl;inc;ipp;xsd</Extensions>
    </Filter>
    <Filter Include="Resource Files">
      <UniqueIdentifier>{67DA6AB6-F800-4c08-8B7A-83BB121AAD01}</UniqueIdentifier>
      <Extensions>rc;ico;cur;bmp;dlg;rc2;rct;bin;rgs;gif;jpg;jpeg;jpe;resx;tiff;tif;png;wav;mfcribbon-ms</Extensions>
    </Filter>
    <Filter Include="Header Files\System">
      <UniqueIdentifier>{9683c6f4-4b10-4eba-b674-ed55ec0cb43f}</UniqueIdentifier>
    </Filter>
    <Filter Include="Header Files\Scene">
      <UniqueIdentifier>{ff1fac44-c57a-48ea-b292-b2b920d75ff8}</UniqueIdentifier>
    </Filter>
    <Filter Include="Header Files\Physics">
      <UniqueIdentifier>{3dc06959-1074-4564-9ae5-935d8fc3e02b}</UniqueIdentifier>
    </Filter>
    <Filter Include="Header Files\Input">
      <UniqueIdentifier>{fb1621b9-081b-46b7-a2d5-a4cc904867b3}</UniqueIdentifier>
    </Filter>
    <Filter Include="Header Files\Event">
      <UniqueIdentifier>{b52f5ab0-ce75-44c7-b1ec-c5591f77ab1d}</UniqueIdentifier>
    </Filter>
    <Filter Include="Header Files\Entity">
      <UniqueIdentifier>{af6ddd93-06c1-4ad4-ae1b-5e8979501877}</UniqueIdentifier>
    </Filter>
    <Filter Include="Header Files\Debug">
      <UniqueIdentifier>{d437d97f-baee-4703-b087-ea839a455d7a}</UniqueIdentifier>
    </Filter>
    <Filter Include="Header Files\Audio">
      <UniqueIdentifier>{853d503e-bd14-4043-a731-39260b6b2137}</UniqueIdentifier>
    </Filter>
    <Filter Include="Source Files\Audio">
      <UniqueIdentifier>{27bbeaa9-7428-402b-8cd4-a6a6dfc5367c}</UniqueIdentifier>
    </Filter>
    <Filter Include="Source Files\Debug">
      <UniqueIdentifier>{6bc54add-7972-4a37-b7bf-227035c456b4}</UniqueIdentifier>
    </Filter>
    <Filter Include="Source Files\Entity">
      <UniqueIdentifier>{3ea20a5f-8baa-41bf-b38a-1c79c2835e87}</UniqueIdentifier>
    </Filter>
    <Filter Include="Source Files\Event">
      <UniqueIdentifier>{151163a5-58cb-43d6-986a-a35dfd87a8fd}</UniqueIdentifier>
    </Filter>
    <Filter Include="Source Files\Input">
      <UniqueIdentifier>{e375b1af-66a9-45a9-84c8-de810b82906d}</UniqueIdentifier>
    </Filter>
    <Filter Include="Source Files\Physics">
      <UniqueIdentifier>{ee16ecdb-f120-4813-9bbf-099248382637}</UniqueIdentifier>
    </Filter>
    <Filter Include="Source Files\Scene">
      <UniqueIdentifier>{faab7272-073b-48da-a551-d84de01463ba}</UniqueIdentifier>
    </Filter>
    <Filter Include="Source Files\System">
      <UniqueIdentifier>{00193db8-a8e9-43a6-80c5-252727103797}</UniqueIdentifier>
    </Filter>
    <Filter Include="Demo Game">
      <UniqueIdentifier>{f9a29348-7826-4e8e-a94d-7447bb3385ca}</UniqueIdentifier>
    </Filter>
    <Filter Include="Demo Game\Headers">
      <UniqueIdentifier>{93c600bc-18f0-4f83-8f14-b8c52bb15f6f}</UniqueIdentifier>
    </Filter>
    <Filter Include="Demo Game\Source">
      <UniqueIdentifier>{db539ff1-c0dc-4fcc-a780-3c10824855cd}</UniqueIdentifier>
    </Filter>
  </ItemGroup>
  <ItemGroup>
    <ClCompile Include="Source Code\Scene\Scene.cpp">
      <Filter>Source Files\Scene</Filter>
    </ClCompile>
    <ClCompile Include="Source Code\Scene\SceneManager.cpp">
      <Filter>Source Files\Scene</Filter>
    </ClCompile>
    <ClCompile Include="Source Code\Physics\World.cpp">
      <Filter>Source Files\Physics</Filter>
    </ClCompile>
    <ClCompile Include="Source Code\Event\Subject.cpp">
      <Filter>Source Files\Event</Filter>
    </ClCompile>
    <ClCompile Include="Source Code\Entity\Entity.cpp">
      <Filter>Source Files\Entity</Filter>
    </ClCompile>
    <ClCompile Include="Source Code\Debug\Debug.cpp">
      <Filter>Source Files\Debug</Filter>
    </ClCompile>
    <ClCompile Include="Source Code\Audio\AudioManager.cpp">
      <Filter>Source Files\Audio</Filter>
    </ClCompile>
    <ClCompile Include="Source Code\main.cpp">
      <Filter>Source Files</Filter>
    </ClCompile>
    <ClCompile Include="Demo Game\Ball.cpp">
      <Filter>Demo Game\Source</Filter>
    </ClCompile>
    <ClCompile Include="Demo Game\GameScene.cpp">
      <Filter>Demo Game\Source</Filter>
    </ClCompile>
    <ClCompile Include="Demo Game\Player.cpp">
      <Filter>Demo Game\Source</Filter>
    </ClCompile>
    <ClCompile Include="Demo Game\Pong.cpp">
      <Filter>Demo Game\Source</Filter>
    </ClCompile>
    <ClCompile Include="Demo Game\ScoreUI.cpp">
      <Filter>Demo Game\Source</Filter>
    </ClCompile>
    <ClCompile Include="Source Code\Input\InputManager.cpp">
      <Filter>Source Files\Input</Filter>
    </ClCompile>
    <ClCompile Include="Source Code\Entity\TextEntity.cpp">
      <Filter>Source Files\Entity</Filter>
    </ClCompile>
    <ClCompile Include="Source Code\Entity\SpriteEntity.cpp">
      <Filter>Source Files\Entity</Filter>
    </ClCompile>
    <ClCompile Include="Source Code\Entity\ShapeEntity.cpp">
      <Filter>Source Files\Entity</Filter>
    </ClCompile>
    <ClCompile Include="Source Code\Core\OtisEngine.cpp">
      <Filter>Source Files\System</Filter>
    </ClCompile>
    <ClCompile Include="Source Code\Core\stdafx.cpp">
      <Filter>Source Files\System</Filter>
    </ClCompile>
    <ClCompile Include="Source Code\Core\Window.cpp">
      <Filter>Source Files\System</Filter>
    </ClCompile>
    <ClCompile Include="Source Code\Core\GameManager.cpp">
      <Filter>Source Files\System</Filter>
    </ClCompile>
    <ClCompile Include="Enemy.cpp">
      <Filter>Demo Game\Source</Filter>
    </ClCompile>
  </ItemGroup>
  <ItemGroup>
    <ClInclude Include="Source Code\Scene\Scene.h">
      <Filter>Header Files\Scene</Filter>
    </ClInclude>
    <ClInclude Include="Source Code\Scene\SceneManager.h">
      <Filter>Header Files\Scene</Filter>
    </ClInclude>
    <ClInclude Include="Source Code\Physics\World.h">
      <Filter>Header Files\Physics</Filter>
    </ClInclude>
    <ClInclude Include="Source Code\Event\IObserver.h">
      <Filter>Header Files\Event</Filter>
    </ClInclude>
    <ClInclude Include="Source Code\Event\Subject.h">
      <Filter>Header Files\Event</Filter>
    </ClInclude>
    <ClInclude Include="Source Code\Event\GameEvent.h">
      <Filter>Header Files\Event</Filter>
    </ClInclude>
    <ClInclude Include="Source Code\Entity\Entity.h">
      <Filter>Header Files\Entity</Filter>
    </ClInclude>
    <ClInclude Include="Source Code\Debug\Debug.h">
      <Filter>Header Files\Debug</Filter>
    </ClInclude>
    <ClInclude Include="Source Code\Audio\AudioManager.h">
      <Filter>Header Files\Audio</Filter>
    </ClInclude>
    <ClInclude Include="Demo Game\GameScene.h">
      <Filter>Demo Game\Headers</Filter>
    </ClInclude>
    <ClInclude Include="Demo Game\Player.h">
      <Filter>Demo Game\Headers</Filter>
    </ClInclude>
    <ClInclude Include="Demo Game\Pong.h">
      <Filter>Demo Game\Headers</Filter>
    </ClInclude>
    <ClInclude Include="Demo Game\ScoreEvent.h">
      <Filter>Demo Game\Headers</Filter>
    </ClInclude>
    <ClInclude Include="Demo Game\ScoreUI.h">
      <Filter>Demo Game\Headers</Filter>
    </ClInclude>
    <ClInclude Include="Demo Game\Ball.h">
      <Filter>Demo Game\Headers</Filter>
    </ClInclude>
    <ClInclude Include="Source Code\Input\InputManager.h">
      <Filter>Header Files\Input</Filter>
    </ClInclude>
    <ClInclude Include="Source Code\Entity\ShapeEntity.h">
      <Filter>Header Files\Entity</Filter>
    </ClInclude>
    <ClInclude Include="Source Code\Entity\SpriteEntity.h">
      <Filter>Header Files\Entity</Filter>
    </ClInclude>
    <ClInclude Include="Source Code\Entity\TextEntity.h">
      <Filter>Header Files\Entity</Filter>
    </ClInclude>
    <ClInclude Include="Source Code\Core\stdafx.h">
      <Filter>Header Files\System</Filter>
    </ClInclude>
    <ClInclude Include="Source Code\Core\targetver.h">
      <Filter>Header Files\System</Filter>
    </ClInclude>
    <ClInclude Include="Source Code\Core\Window.h">
      <Filter>Header Files\System</Filter>
    </ClInclude>
    <ClInclude Include="Source Code\Core\RandomNumber.h">
      <Filter>Header Files\System</Filter>
    </ClInclude>
    <ClInclude Include="Source Code\Core\OtisEngine.h">
      <Filter>Header Files\System</Filter>
    </ClInclude>
    <ClInclude Include="Source Code\Core\GameManager.h">
      <Filter>Header Files\System</Filter>
    </ClInclude>
    <ClInclude Include="Source Code\Event\InputEvent.h">
      <Filter>Header Files\Event</Filter>
    </ClInclude>
    <ClInclude Include="Source Code\Event\CollisionEvent.h">
      <Filter>Header Files\Event</Filter>
    </ClInclude>
    <ClInclude Include="Enemy.h">
      <Filter>Demo Game\Headers</Filter>
    </ClInclude>
  </ItemGroup>
</Project>